// !$*UTF8*$!
{
	archiveVersion = 1;
	classes = {
	};
	objectVersion = 52;
	objects = {

/* Begin PBXBuildFile section */
		0A614B1A2608CB0A0014F814 /* RRComponentsKitExampleApp.swift in Sources */ = {isa = PBXBuildFile; fileRef = 0A614B192608CB0A0014F814 /* RRComponentsKitExampleApp.swift */; };
		0A614B1C2608CB0A0014F814 /* ContentView.swift in Sources */ = {isa = PBXBuildFile; fileRef = 0A614B1B2608CB0A0014F814 /* ContentView.swift */; };
		0A614B1E2608CB0B0014F814 /* Assets.xcassets in Resources */ = {isa = PBXBuildFile; fileRef = 0A614B1D2608CB0B0014F814 /* Assets.xcassets */; };
		0A614B212608CB0B0014F814 /* Preview Assets.xcassets in Resources */ = {isa = PBXBuildFile; fileRef = 0A614B202608CB0B0014F814 /* Preview Assets.xcassets */; };
		0A614B2B2608CB670014F814 /* RRComponentsKit in Frameworks */ = {isa = PBXBuildFile; productRef = 0A614B2A2608CB670014F814 /* RRComponentsKit */; };
		0A614B2C2608CB670014F814 /* RRComponentsKit in Embed Frameworks */ = {isa = PBXBuildFile; productRef = 0A614B2A2608CB670014F814 /* RRComponentsKit */; settings = {ATTRIBUTES = (CodeSignOnCopy, ); }; };
/* End PBXBuildFile section */

/* Begin PBXCopyFilesBuildPhase section */
		0A614B2D2608CB670014F814 /* Embed Frameworks */ = {
			isa = PBXCopyFilesBuildPhase;
			buildActionMask = 2147483647;
			dstPath = "";
			dstSubfolderSpec = 10;
			files = (
				0A614B2C2608CB670014F814 /* RRComponentsKit in Embed Frameworks */,
			);
			name = "Embed Frameworks";
			runOnlyForDeploymentPostprocessing = 0;
		};
/* End PBXCopyFilesBuildPhase section */

/* Begin PBXFileReference section */
		0A614B162608CB0A0014F814 /* RRComponentsKitExample.app */ = {isa = PBXFileReference; explicitFileType = wrapper.application; includeInIndex = 0; path = RRComponentsKitExample.app; sourceTree = BUILT_PRODUCTS_DIR; };
		0A614B192608CB0A0014F814 /* RRComponentsKitExampleApp.swift */ = {isa = PBXFileReference; lastKnownFileType = sourcecode.swift; path = RRComponentsKitExampleApp.swift; sourceTree = "<group>"; };
		0A614B1B2608CB0A0014F814 /* ContentView.swift */ = {isa = PBXFileReference; lastKnownFileType = sourcecode.swift; path = ContentView.swift; sourceTree = "<group>"; };
		0A614B1D2608CB0B0014F814 /* Assets.xcassets */ = {isa = PBXFileReference; lastKnownFileType = folder.assetcatalog; path = Assets.xcassets; sourceTree = "<group>"; };
		0A614B202608CB0B0014F814 /* Preview Assets.xcassets */ = {isa = PBXFileReference; lastKnownFileType = folder.assetcatalog; path = "Preview Assets.xcassets"; sourceTree = "<group>"; };
		0A614B222608CB0B0014F814 /* Info.plist */ = {isa = PBXFileReference; lastKnownFileType = text.plist.xml; path = Info.plist; sourceTree = "<group>"; };
/* End PBXFileReference section */

/* Begin PBXFrameworksBuildPhase section */
		0A614B132608CB0A0014F814 /* Frameworks */ = {
			isa = PBXFrameworksBuildPhase;
			buildActionMask = 2147483647;
			files = (
				0A614B2B2608CB670014F814 /* RRComponentsKit in Frameworks */,
			);
			runOnlyForDeploymentPostprocessing = 0;
		};
/* End PBXFrameworksBuildPhase section */

/* Begin PBXGroup section */
		0A614B0D2608CB0A0014F814 = {
			isa = PBXGroup;
			children = (
				0A614B182608CB0A0014F814 /* RRComponentsKitExample */,
				0A614B172608CB0A0014F814 /* Products */,
			);
			sourceTree = "<group>";
		};
		0A614B172608CB0A0014F814 /* Products */ = {
			isa = PBXGroup;
			children = (
				0A614B162608CB0A0014F814 /* RRComponentsKitExample.app */,
			);
			name = Products;
			sourceTree = "<group>";
		};
		0A614B182608CB0A0014F814 /* RRComponentsKitExample */ = {
			isa = PBXGroup;
			children = (
				0A614B192608CB0A0014F814 /* RRComponentsKitExampleApp.swift */,
				0A614B1B2608CB0A0014F814 /* ContentView.swift */,
				0A614B1D2608CB0B0014F814 /* Assets.xcassets */,
				0A614B222608CB0B0014F814 /* Info.plist */,
				0A614B1F2608CB0B0014F814 /* Preview Content */,
			);
			path = RRComponentsKitExample;
			sourceTree = "<group>";
		};
		0A614B1F2608CB0B0014F814 /* Preview Content */ = {
			isa = PBXGroup;
			children = (
				0A614B202608CB0B0014F814 /* Preview Assets.xcassets */,
			);
			path = "Preview Content";
			sourceTree = "<group>";
		};
/* End PBXGroup section */

/* Begin PBXNativeTarget section */
		0A614B152608CB0A0014F814 /* RRComponentsKitExample */ = {
			isa = PBXNativeTarget;
			buildConfigurationList = 0A614B252608CB0B0014F814 /* Build configuration list for PBXNativeTarget "RRComponentsKitExample" */;
			buildPhases = (
				0A614B122608CB0A0014F814 /* Sources */,
				0A614B132608CB0A0014F814 /* Frameworks */,
				0A614B142608CB0A0014F814 /* Resources */,
				0A614B2D2608CB670014F814 /* Embed Frameworks */,
			);
			buildRules = (
			);
			dependencies = (
			);
			name = RRComponentsKitExample;
			packageProductDependencies = (
				0A614B2A2608CB670014F814 /* RRComponentsKit */,
			);
			productName = RRComponentsKitExample;
			productReference = 0A614B162608CB0A0014F814 /* RRComponentsKitExample.app */;
			productType = "com.apple.product-type.application";
		};
/* End PBXNativeTarget section */

/* Begin PBXProject section */
		0A614B0E2608CB0A0014F814 /* Project object */ = {
			isa = PBXProject;
			attributes = {
				LastSwiftUpdateCheck = 1240;
				LastUpgradeCheck = 1240;
				TargetAttributes = {
					0A614B152608CB0A0014F814 = {
						CreatedOnToolsVersion = 12.4;
					};
				};
			};
			buildConfigurationList = 0A614B112608CB0A0014F814 /* Build configuration list for PBXProject "RRComponentsKitExample" */;
			compatibilityVersion = "Xcode 9.3";
			developmentRegion = en;
			hasScannedForEncodings = 0;
			knownRegions = (
				en,
				Base,
			);
			mainGroup = 0A614B0D2608CB0A0014F814;
			packageReferences = (
				0A614B292608CB670014F814 /* XCRemoteSwiftPackageReference "RRComponentsKit" */,
			);
			productRefGroup = 0A614B172608CB0A0014F814 /* Products */;
			projectDirPath = "";
			projectRoot = "";
			targets = (
				0A614B152608CB0A0014F814 /* RRComponentsKitExample */,
			);
		};
/* End PBXProject section */

/* Begin PBXResourcesBuildPhase section */
		0A614B142608CB0A0014F814 /* Resources */ = {
			isa = PBXResourcesBuildPhase;
			buildActionMask = 2147483647;
			files = (
				0A614B212608CB0B0014F814 /* Preview Assets.xcassets in Resources */,
				0A614B1E2608CB0B0014F814 /* Assets.xcassets in Resources */,
			);
			runOnlyForDeploymentPostprocessing = 0;
		};
/* End PBXResourcesBuildPhase section */

/* Begin PBXSourcesBuildPhase section */
		0A614B122608CB0A0014F814 /* Sources */ = {
			isa = PBXSourcesBuildPhase;
			buildActionMask = 2147483647;
			files = (
				0A614B1C2608CB0A0014F814 /* ContentView.swift in Sources */,
				0A614B1A2608CB0A0014F814 /* RRComponentsKitExampleApp.swift in Sources */,
			);
			runOnlyForDeploymentPostprocessing = 0;
		};
/* End PBXSourcesBuildPhase section */

/* Begin XCBuildConfiguration section */
		0A614B232608CB0B0014F814 /* Debug */ = {
			isa = XCBuildConfiguration;
			buildSettings = {
				ALWAYS_SEARCH_USER_PATHS = NO;
				CLANG_ANALYZER_NONNULL = YES;
				CLANG_ANALYZER_NUMBER_OBJECT_CONVERSION = YES_AGGRESSIVE;
				CLANG_CXX_LANGUAGE_STANDARD = "gnu++14";
				CLANG_CXX_LIBRARY = "libc++";
				CLANG_ENABLE_MODULES = YES;
				CLANG_ENABLE_OBJC_ARC = YES;
				CLANG_ENABLE_OBJC_WEAK = YES;
				CLANG_WARN_BLOCK_CAPTURE_AUTORELEASING = YES;
				CLANG_WARN_BOOL_CONVERSION = YES;
				CLANG_WARN_COMMA = YES;
				CLANG_WARN_CONSTANT_CONVERSION = YES;
				CLANG_WARN_DEPRECATED_OBJC_IMPLEMENTATIONS = YES;
				CLANG_WARN_DIRECT_OBJC_ISA_USAGE = YES_ERROR;
				CLANG_WARN_DOCUMENTATION_COMMENTS = YES;
				CLANG_WARN_EMPTY_BODY = YES;
				CLANG_WARN_ENUM_CONVERSION = YES;
				CLANG_WARN_INFINITE_RECURSION = YES;
				CLANG_WARN_INT_CONVERSION = YES;
				CLANG_WARN_NON_LITERAL_NULL_CONVERSION = YES;
				CLANG_WARN_OBJC_IMPLICIT_RETAIN_SELF = YES;
				CLANG_WARN_OBJC_LITERAL_CONVERSION = YES;
				CLANG_WARN_OBJC_ROOT_CLASS = YES_ERROR;
				CLANG_WARN_QUOTED_INCLUDE_IN_FRAMEWORK_HEADER = YES;
				CLANG_WARN_RANGE_LOOP_ANALYSIS = YES;
				CLANG_WARN_STRICT_PROTOTYPES = YES;
				CLANG_WARN_SUSPICIOUS_MOVE = YES;
				CLANG_WARN_UNGUARDED_AVAILABILITY = YES_AGGRESSIVE;
				CLANG_WARN_UNREACHABLE_CODE = YES;
				CLANG_WARN__DUPLICATE_METHOD_MATCH = YES;
				COPY_PHASE_STRIP = NO;
				DEBUG_INFORMATION_FORMAT = dwarf;
				ENABLE_STRICT_OBJC_MSGSEND = YES;
				ENABLE_TESTABILITY = YES;
				GCC_C_LANGUAGE_STANDARD = gnu11;
				GCC_DYNAMIC_NO_PIC = NO;
				GCC_NO_COMMON_BLOCKS = YES;
				GCC_OPTIMIZATION_LEVEL = 0;
				GCC_PREPROCESSOR_DEFINITIONS = (
					"DEBUG=1",
					"$(inherited)",
				);
				GCC_WARN_64_TO_32_BIT_CONVERSION = YES;
				GCC_WARN_ABOUT_RETURN_TYPE = YES_ERROR;
				GCC_WARN_UNDECLARED_SELECTOR = YES;
				GCC_WARN_UNINITIALIZED_AUTOS = YES_AGGRESSIVE;
				GCC_WARN_UNUSED_FUNCTION = YES;
				GCC_WARN_UNUSED_VARIABLE = YES;
				IPHONEOS_DEPLOYMENT_TARGET = 14.4;
				MTL_ENABLE_DEBUG_INFO = INCLUDE_SOURCE;
				MTL_FAST_MATH = YES;
				ONLY_ACTIVE_ARCH = YES;
				SDKROOT = iphoneos;
				SWIFT_ACTIVE_COMPILATION_CONDITIONS = DEBUG;
				SWIFT_OPTIMIZATION_LEVEL = "-Onone";
			};
			name = Debug;
		};
		0A614B242608CB0B0014F814 /* Release */ = {
			isa = XCBuildConfiguration;
			buildSettings = {
				ALWAYS_SEARCH_USER_PATHS = NO;
				CLANG_ANALYZER_NONNULL = YES;
				CLANG_ANALYZER_NUMBER_OBJECT_CONVERSION = YES_AGGRESSIVE;
				CLANG_CXX_LANGUAGE_STANDARD = "gnu++14";
				CLANG_CXX_LIBRARY = "libc++";
				CLANG_ENABLE_MODULES = YES;
				CLANG_ENABLE_OBJC_ARC = YES;
				CLANG_ENABLE_OBJC_WEAK = YES;
				CLANG_WARN_BLOCK_CAPTURE_AUTORELEASING = YES;
				CLANG_WARN_BOOL_CONVERSION = YES;
				CLANG_WARN_COMMA = YES;
				CLANG_WARN_CONSTANT_CONVERSION = YES;
				CLANG_WARN_DEPRECATED_OBJC_IMPLEMENTATIONS = YES;
				CLANG_WARN_DIRECT_OBJC_ISA_USAGE = YES_ERROR;
				CLANG_WARN_DOCUMENTATION_COMMENTS = YES;
				CLANG_WARN_EMPTY_BODY = YES;
				CLANG_WARN_ENUM_CONVERSION = YES;
				CLANG_WARN_INFINITE_RECURSION = YES;
				CLANG_WARN_INT_CONVERSION = YES;
				CLANG_WARN_NON_LITERAL_NULL_CONVERSION = YES;
				CLANG_WARN_OBJC_IMPLICIT_RETAIN_SELF = YES;
				CLANG_WARN_OBJC_LITERAL_CONVERSION = YES;
				CLANG_WARN_OBJC_ROOT_CLASS = YES_ERROR;
				CLANG_WARN_QUOTED_INCLUDE_IN_FRAMEWORK_HEADER = YES;
				CLANG_WARN_RANGE_LOOP_ANALYSIS = YES;
				CLANG_WARN_STRICT_PROTOTYPES = YES;
				CLANG_WARN_SUSPICIOUS_MOVE = YES;
				CLANG_WARN_UNGUARDED_AVAILABILITY = YES_AGGRESSIVE;
				CLANG_WARN_UNREACHABLE_CODE = YES;
				CLANG_WARN__DUPLICATE_METHOD_MATCH = YES;
				COPY_PHASE_STRIP = NO;
				DEBUG_INFORMATION_FORMAT = "dwarf-with-dsym";
				ENABLE_NS_ASSERTIONS = NO;
				ENABLE_STRICT_OBJC_MSGSEND = YES;
				GCC_C_LANGUAGE_STANDARD = gnu11;
				GCC_NO_COMMON_BLOCKS = YES;
				GCC_WARN_64_TO_32_BIT_CONVERSION = YES;
				GCC_WARN_ABOUT_RETURN_TYPE = YES_ERROR;
				GCC_WARN_UNDECLARED_SELECTOR = YES;
				GCC_WARN_UNINITIALIZED_AUTOS = YES_AGGRESSIVE;
				GCC_WARN_UNUSED_FUNCTION = YES;
				GCC_WARN_UNUSED_VARIABLE = YES;
				IPHONEOS_DEPLOYMENT_TARGET = 14.4;
				MTL_ENABLE_DEBUG_INFO = NO;
				MTL_FAST_MATH = YES;
				SDKROOT = iphoneos;
				SWIFT_COMPILATION_MODE = wholemodule;
				SWIFT_OPTIMIZATION_LEVEL = "-O";
				VALIDATE_PRODUCT = YES;
			};
			name = Release;
		};
		0A614B262608CB0B0014F814 /* Debug */ = {
			isa = XCBuildConfiguration;
			buildSettings = {
				ASSETCATALOG_COMPILER_APPICON_NAME = AppIcon;
				ASSETCATALOG_COMPILER_GLOBAL_ACCENT_COLOR_NAME = AccentColor;
				CODE_SIGN_STYLE = Automatic;
				DEVELOPMENT_ASSET_PATHS = "\"RRComponentsKitExample/Preview Content\"";
				DEVELOPMENT_TEAM = YQZQG7N4WG;
				ENABLE_PREVIEWS = YES;
				INFOPLIST_FILE = RRComponentsKitExample/Info.plist;
				IPHONEOS_DEPLOYMENT_TARGET = 14.0;
				LD_RUNPATH_SEARCH_PATHS = (
					"$(inherited)",
					"@executable_path/Frameworks",
				);
				PRODUCT_BUNDLE_IDENTIFIER = com.rudrankriyam.RRComponentsKitExample;
				PRODUCT_NAME = "$(TARGET_NAME)";
				SWIFT_VERSION = 5.0;
				TARGETED_DEVICE_FAMILY = "1,2";
			};
			name = Debug;
		};
		0A614B272608CB0B0014F814 /* Release */ = {
			isa = XCBuildConfiguration;
			buildSettings = {
				ASSETCATALOG_COMPILER_APPICON_NAME = AppIcon;
				ASSETCATALOG_COMPILER_GLOBAL_ACCENT_COLOR_NAME = AccentColor;
				CODE_SIGN_STYLE = Automatic;
				DEVELOPMENT_ASSET_PATHS = "\"RRComponentsKitExample/Preview Content\"";
				DEVELOPMENT_TEAM = YQZQG7N4WG;
				ENABLE_PREVIEWS = YES;
				INFOPLIST_FILE = RRComponentsKitExample/Info.plist;
				IPHONEOS_DEPLOYMENT_TARGET = 14.0;
				LD_RUNPATH_SEARCH_PATHS = (
					"$(inherited)",
					"@executable_path/Frameworks",
				);
				PRODUCT_BUNDLE_IDENTIFIER = com.rudrankriyam.RRComponentsKitExample;
				PRODUCT_NAME = "$(TARGET_NAME)";
				SWIFT_VERSION = 5.0;
				TARGETED_DEVICE_FAMILY = "1,2";
			};
			name = Release;
		};
/* End XCBuildConfiguration section */

/* Begin XCConfigurationList section */
		0A614B112608CB0A0014F814 /* Build configuration list for PBXProject "RRComponentsKitExample" */ = {
			isa = XCConfigurationList;
			buildConfigurations = (
				0A614B232608CB0B0014F814 /* Debug */,
				0A614B242608CB0B0014F814 /* Release */,
			);
			defaultConfigurationIsVisible = 0;
			defaultConfigurationName = Release;
		};
		0A614B252608CB0B0014F814 /* Build configuration list for PBXNativeTarget "RRComponentsKitExample" */ = {
			isa = XCConfigurationList;
			buildConfigurations = (
				0A614B262608CB0B0014F814 /* Debug */,
				0A614B272608CB0B0014F814 /* Release */,
			);
			defaultConfigurationIsVisible = 0;
			defaultConfigurationName = Release;
		};
/* End XCConfigurationList section */

/* Begin XCRemoteSwiftPackageReference section */
		0A614B292608CB670014F814 /* XCRemoteSwiftPackageReference "RRComponentsKit" */ = {
			isa = XCRemoteSwiftPackageReference;
			repositoryURL = "https://github.com/rudrankriyam/RRComponentsKit.git";
			requirement = {
				branch = main;
				kind = branch;
			};
		};
/* End XCRemoteSwiftPackageReference section */

/* Begin XCSwiftPackageProductDependency section */
		0A614B2A2608CB670014F814 /* RRComponentsKit */ = {
			isa = XCSwiftPackageProductDependency;
			package = 0A614B292608CB670014F814 /* XCRemoteSwiftPackageReference "RRComponentsKit" */;
			productName = RRComponentsKit;
		};
/* End XCSwiftPackageProductDependency section */
	};
	rootObject = 0A614B0E2608CB0A0014F814 /* Project object */;
}
