// !$*UTF8*$!
{
	archiveVersion = 1;
	classes = {
	};
	objectVersion = 46;
	objects = {

/* Begin PBXBuildFile section */
		0A008EB926986C95009A1426 /* TabBarView.swift in Sources */ = {isa = PBXBuildFile; fileRef = 0A008EB826986C95009A1426 /* TabBarView.swift */; };
		0A08276F2608DA25009FC75C /* Assets.xcassets in Resources */ = {isa = PBXBuildFile; fileRef = 0A08276E2608DA25009FC75C /* Assets.xcassets */; };
		0A0827722608DA25009FC75C /* Preview Assets.xcassets in Resources */ = {isa = PBXBuildFile; fileRef = 0A0827712608DA25009FC75C /* Preview Assets.xcassets */; };
		0A08277A2608DA2C009FC75C /* RRComponentsKit.framework in Frameworks */ = {isa = PBXBuildFile; fileRef = "RRComponentsKit::RRComponentsKit::Product" /* RRComponentsKit.framework */; };
		0A08277B2608DA2C009FC75C /* RRComponentsKit.framework in Embed Frameworks */ = {isa = PBXBuildFile; fileRef = "RRComponentsKit::RRComponentsKit::Product" /* RRComponentsKit.framework */; settings = {ATTRIBUTES = (CodeSignOnCopy, RemoveHeadersOnCopy, ); }; };
		0A0827802608DA37009FC75C /* ContentView.swift in Sources */ = {isa = PBXBuildFile; fileRef = 0A08277F2608DA37009FC75C /* ContentView.swift */; };
		0A0827842608DA41009FC75C /* RRComponentsKitExampleApp.swift in Sources */ = {isa = PBXBuildFile; fileRef = 0A0827832608DA41009FC75C /* RRComponentsKitExampleApp.swift */; };
		0A08278E2608DAAB009FC75C /* GradientButton.swift in Sources */ = {isa = PBXBuildFile; fileRef = 0A0827882608DAA6009FC75C /* GradientButton.swift */; };
		0A0827962608E881009FC75C /* GradientButtonStyle.swift in Sources */ = {isa = PBXBuildFile; fileRef = 0A0827952608E881009FC75C /* GradientButtonStyle.swift */; };
		0A08279D2608E8DE009FC75C /* AnimatedGradientView.swift in Sources */ = {isa = PBXBuildFile; fileRef = 0A08279C2608E8DE009FC75C /* AnimatedGradientView.swift */; };
		0A4320B72611E56100BF1EF9 /* BlurredHeader.swift in Sources */ = {isa = PBXBuildFile; fileRef = 0A4320B62611E56100BF1EF9 /* BlurredHeader.swift */; };
		0A4320BB2611E91F00BF1EF9 /* ColoredButtonStyle.swift in Sources */ = {isa = PBXBuildFile; fileRef = 0A4320BA2611E91F00BF1EF9 /* ColoredButtonStyle.swift */; };
		0A4320BF2611E93600BF1EF9 /* ColoredButton.swift in Sources */ = {isa = PBXBuildFile; fileRef = 0A4320BE2611E93600BF1EF9 /* ColoredButton.swift */; };
		0A4320C32611F43B00BF1EF9 /* StepperButtonStyle.swift in Sources */ = {isa = PBXBuildFile; fileRef = 0A4320C22611F43B00BF1EF9 /* StepperButtonStyle.swift */; };
		0A4320C72611F4D500BF1EF9 /* Color.swift in Sources */ = {isa = PBXBuildFile; fileRef = 0A4320C62611F4D500BF1EF9 /* Color.swift */; };
		0A4320CB2611F56C00BF1EF9 /* StepperButton.swift in Sources */ = {isa = PBXBuildFile; fileRef = 0A4320CA2611F56C00BF1EF9 /* StepperButton.swift */; };
		0A4320CF2611F7D400BF1EF9 /* WideStepper.swift in Sources */ = {isa = PBXBuildFile; fileRef = 0A4320CE2611F7D300BF1EF9 /* WideStepper.swift */; };
		0A4320D32611F80400BF1EF9 /* WideSlider.swift in Sources */ = {isa = PBXBuildFile; fileRef = 0A4320D22611F80400BF1EF9 /* WideSlider.swift */; };
		0A4320D72611F81C00BF1EF9 /* CustomSlider.swift in Sources */ = {isa = PBXBuildFile; fileRef = 0A4320D62611F81C00BF1EF9 /* CustomSlider.swift */; };
		0A544766269A1304005A40C1 /* BoxView.swift in Sources */ = {isa = PBXBuildFile; fileRef = 0A544765269A1304005A40C1 /* BoxView.swift */; };
		0A614AE62608C79A0014F814 /* AppTitle.swift in Sources */ = {isa = PBXBuildFile; fileRef = 0A614AE52608C79A0014F814 /* AppTitle.swift */; };
		0A614AF32608C8560014F814 /* View+CustomFont.swift in Sources */ = {isa = PBXBuildFile; fileRef = 0A614AF22608C8560014F814 /* View+CustomFont.swift */; };
		0A614AFD2608C87F0014F814 /* Text.swift in Sources */ = {isa = PBXBuildFile; fileRef = 0A614AFC2608C87F0014F814 /* Text.swift */; };
		0A82E31A261BFCFB0024F96D /* RingView.swift in Sources */ = {isa = PBXBuildFile; fileRef = 0A82E319261BFCFB0024F96D /* RingView.swift */; };
		0A948E782697AF9B006C8C00 /* NavTitleView.swift in Sources */ = {isa = PBXBuildFile; fileRef = 0A948E772697AF9B006C8C00 /* NavTitleView.swift */; };
		0AB27D2F269A1AAE00817A15 /* WideStepperButton.swift in Sources */ = {isa = PBXBuildFile; fileRef = 0AB27D2E269A1AAE00817A15 /* WideStepperButton.swift */; };
		0AB27D31269A20D600817A15 /* ControlView.swift in Sources */ = {isa = PBXBuildFile; fileRef = 0AB27D30269A20D600817A15 /* ControlView.swift */; };
		0AC1BB68261229350017CD43 /* NavigationButton.swift in Sources */ = {isa = PBXBuildFile; fileRef = 0AC1BB67261229350017CD43 /* NavigationButton.swift */; };
		OBJ_22 /* RRComponentsKit.swift in Sources */ = {isa = PBXBuildFile; fileRef = OBJ_9 /* RRComponentsKit.swift */; };
		OBJ_29 /* Package.swift in Sources */ = {isa = PBXBuildFile; fileRef = OBJ_6 /* Package.swift */; };
/* End PBXBuildFile section */

/* Begin PBXContainerItemProxy section */
		0A08277C2608DA2C009FC75C /* PBXContainerItemProxy */ = {
			isa = PBXContainerItemProxy;
			containerPortal = OBJ_1 /* Project object */;
			proxyType = 1;
			remoteGlobalIDString = "RRComponentsKit::RRComponentsKit";
			remoteInfo = RRComponentsKit;
		};
/* End PBXContainerItemProxy section */

/* Begin PBXCopyFilesBuildPhase section */
		0A08277E2608DA2C009FC75C /* Embed Frameworks */ = {
			isa = PBXCopyFilesBuildPhase;
			buildActionMask = 2147483647;
			dstPath = "";
			dstSubfolderSpec = 10;
			files = (
				0A08277B2608DA2C009FC75C /* RRComponentsKit.framework in Embed Frameworks */,
			);
			name = "Embed Frameworks";
			runOnlyForDeploymentPostprocessing = 0;
		};
/* End PBXCopyFilesBuildPhase section */

/* Begin PBXFileReference section */
		0A008EB826986C95009A1426 /* TabBarView.swift */ = {isa = PBXFileReference; lastKnownFileType = sourcecode.swift; path = TabBarView.swift; sourceTree = "<group>"; };
		0A0827682608DA23009FC75C /* RRComponentsKitExample.app */ = {isa = PBXFileReference; explicitFileType = wrapper.application; includeInIndex = 0; path = RRComponentsKitExample.app; sourceTree = BUILT_PRODUCTS_DIR; };
		0A08276E2608DA25009FC75C /* Assets.xcassets */ = {isa = PBXFileReference; lastKnownFileType = folder.assetcatalog; path = Assets.xcassets; sourceTree = "<group>"; };
		0A0827712608DA25009FC75C /* Preview Assets.xcassets */ = {isa = PBXFileReference; lastKnownFileType = folder.assetcatalog; path = "Preview Assets.xcassets"; sourceTree = "<group>"; };
		0A0827732608DA25009FC75C /* Info.plist */ = {isa = PBXFileReference; lastKnownFileType = text.plist.xml; path = Info.plist; sourceTree = "<group>"; };
		0A08277F2608DA37009FC75C /* ContentView.swift */ = {isa = PBXFileReference; fileEncoding = 4; lastKnownFileType = sourcecode.swift; path = ContentView.swift; sourceTree = "<group>"; };
		0A0827832608DA41009FC75C /* RRComponentsKitExampleApp.swift */ = {isa = PBXFileReference; fileEncoding = 4; lastKnownFileType = sourcecode.swift; path = RRComponentsKitExampleApp.swift; sourceTree = "<group>"; };
		0A0827882608DAA6009FC75C /* GradientButton.swift */ = {isa = PBXFileReference; lastKnownFileType = sourcecode.swift; path = GradientButton.swift; sourceTree = "<group>"; };
		0A0827952608E881009FC75C /* GradientButtonStyle.swift */ = {isa = PBXFileReference; lastKnownFileType = sourcecode.swift; path = GradientButtonStyle.swift; sourceTree = "<group>"; };
		0A08279C2608E8DE009FC75C /* AnimatedGradientView.swift */ = {isa = PBXFileReference; lastKnownFileType = sourcecode.swift; path = AnimatedGradientView.swift; sourceTree = "<group>"; };
		0A4320B62611E56100BF1EF9 /* BlurredHeader.swift */ = {isa = PBXFileReference; lastKnownFileType = sourcecode.swift; path = BlurredHeader.swift; sourceTree = "<group>"; };
		0A4320BA2611E91F00BF1EF9 /* ColoredButtonStyle.swift */ = {isa = PBXFileReference; lastKnownFileType = sourcecode.swift; path = ColoredButtonStyle.swift; sourceTree = "<group>"; };
		0A4320BE2611E93600BF1EF9 /* ColoredButton.swift */ = {isa = PBXFileReference; lastKnownFileType = sourcecode.swift; path = ColoredButton.swift; sourceTree = "<group>"; };
		0A4320C22611F43B00BF1EF9 /* StepperButtonStyle.swift */ = {isa = PBXFileReference; lastKnownFileType = sourcecode.swift; path = StepperButtonStyle.swift; sourceTree = "<group>"; };
		0A4320C62611F4D500BF1EF9 /* Color.swift */ = {isa = PBXFileReference; lastKnownFileType = sourcecode.swift; path = Color.swift; sourceTree = "<group>"; };
		0A4320CA2611F56C00BF1EF9 /* StepperButton.swift */ = {isa = PBXFileReference; lastKnownFileType = sourcecode.swift; path = StepperButton.swift; sourceTree = "<group>"; };
		0A4320CE2611F7D300BF1EF9 /* WideStepper.swift */ = {isa = PBXFileReference; lastKnownFileType = sourcecode.swift; name = WideStepper.swift; path = Sources/RRComponentsKit/Stepper/WideStepper.swift; sourceTree = SOURCE_ROOT; };
		0A4320D22611F80400BF1EF9 /* WideSlider.swift */ = {isa = PBXFileReference; lastKnownFileType = sourcecode.swift; name = WideSlider.swift; path = Sources/RRComponentsKit/Slider/WideSlider.swift; sourceTree = SOURCE_ROOT; };
		0A4320D62611F81C00BF1EF9 /* CustomSlider.swift */ = {isa = PBXFileReference; lastKnownFileType = sourcecode.swift; name = CustomSlider.swift; path = Sources/RRComponentsKit/Slider/CustomSlider.swift; sourceTree = SOURCE_ROOT; };
		0A544765269A1304005A40C1 /* BoxView.swift */ = {isa = PBXFileReference; lastKnownFileType = sourcecode.swift; path = BoxView.swift; sourceTree = "<group>"; };
		0A614AE52608C79A0014F814 /* AppTitle.swift */ = {isa = PBXFileReference; lastKnownFileType = sourcecode.swift; path = AppTitle.swift; sourceTree = "<group>"; };
		0A614AF22608C8560014F814 /* View+CustomFont.swift */ = {isa = PBXFileReference; lastKnownFileType = sourcecode.swift; path = "View+CustomFont.swift"; sourceTree = "<group>"; };
		0A614AFC2608C87F0014F814 /* Text.swift */ = {isa = PBXFileReference; lastKnownFileType = sourcecode.swift; path = Text.swift; sourceTree = "<group>"; };
		0A82E319261BFCFB0024F96D /* RingView.swift */ = {isa = PBXFileReference; lastKnownFileType = sourcecode.swift; path = RingView.swift; sourceTree = "<group>"; };
		0A948E772697AF9B006C8C00 /* NavTitleView.swift */ = {isa = PBXFileReference; lastKnownFileType = sourcecode.swift; path = NavTitleView.swift; sourceTree = "<group>"; };
		0AB27D2E269A1AAE00817A15 /* WideStepperButton.swift */ = {isa = PBXFileReference; lastKnownFileType = sourcecode.swift; path = WideStepperButton.swift; sourceTree = "<group>"; };
		0AB27D30269A20D600817A15 /* ControlView.swift */ = {isa = PBXFileReference; lastKnownFileType = sourcecode.swift; path = ControlView.swift; sourceTree = "<group>"; };
		0AC1BB67261229350017CD43 /* NavigationButton.swift */ = {isa = PBXFileReference; lastKnownFileType = sourcecode.swift; path = NavigationButton.swift; sourceTree = "<group>"; };
		OBJ_6 /* Package.swift */ = {isa = PBXFileReference; explicitFileType = sourcecode.swift; path = Package.swift; sourceTree = "<group>"; };
		OBJ_9 /* RRComponentsKit.swift */ = {isa = PBXFileReference; lastKnownFileType = sourcecode.swift; path = RRComponentsKit.swift; sourceTree = "<group>"; };
		"RRComponentsKit::RRComponentsKit::Product" /* RRComponentsKit.framework */ = {isa = PBXFileReference; lastKnownFileType = wrapper.framework; path = RRComponentsKit.framework; sourceTree = BUILT_PRODUCTS_DIR; };
/* End PBXFileReference section */

/* Begin PBXFrameworksBuildPhase section */
		0A0827652608DA23009FC75C /* Frameworks */ = {
			isa = PBXFrameworksBuildPhase;
			buildActionMask = 2147483647;
			files = (
				0A08277A2608DA2C009FC75C /* RRComponentsKit.framework in Frameworks */,
			);
			runOnlyForDeploymentPostprocessing = 0;
		};
		OBJ_23 /* Frameworks */ = {
			isa = PBXFrameworksBuildPhase;
			buildActionMask = 0;
			files = (
			);
			runOnlyForDeploymentPostprocessing = 0;
		};
/* End PBXFrameworksBuildPhase section */

/* Begin PBXGroup section */
		0A0827502608D9AA009FC75C /* Frameworks */ = {
			isa = PBXGroup;
			children = (
			);
			name = Frameworks;
			sourceTree = "<group>";
		};
		0A0827692608DA23009FC75C /* RRComponentsKitExample */ = {
			isa = PBXGroup;
			children = (
				0A0827832608DA41009FC75C /* RRComponentsKitExampleApp.swift */,
				0A08277F2608DA37009FC75C /* ContentView.swift */,
				0A08276E2608DA25009FC75C /* Assets.xcassets */,
				0A0827732608DA25009FC75C /* Info.plist */,
				0A0827702608DA25009FC75C /* Preview Content */,
			);
			path = RRComponentsKitExample;
			sourceTree = "<group>";
		};
		0A0827702608DA25009FC75C /* Preview Content */ = {
			isa = PBXGroup;
			children = (
				0A0827712608DA25009FC75C /* Preview Assets.xcassets */,
			);
			path = "Preview Content";
			sourceTree = "<group>";
		};
		0A0827872608DA96009FC75C /* Button */ = {
			isa = PBXGroup;
			children = (
				0A0827882608DAA6009FC75C /* GradientButton.swift */,
				0A4320BE2611E93600BF1EF9 /* ColoredButton.swift */,
				0A4320CA2611F56C00BF1EF9 /* StepperButton.swift */,
				0AC1BB67261229350017CD43 /* NavigationButton.swift */,
				0AB27D2E269A1AAE00817A15 /* WideStepperButton.swift */,
			);
			path = Button;
			sourceTree = "<group>";
		};
		0A0827932608E867009FC75C /* Styles */ = {
			isa = PBXGroup;
			children = (
				0A0827952608E881009FC75C /* GradientButtonStyle.swift */,
				0A4320BA2611E91F00BF1EF9 /* ColoredButtonStyle.swift */,
				0A4320C22611F43B00BF1EF9 /* StepperButtonStyle.swift */,
			);
			path = Styles;
			sourceTree = "<group>";
		};
		0A08279B2608E8CA009FC75C /* Views */ = {
			isa = PBXGroup;
			children = (
				0A08279C2608E8DE009FC75C /* AnimatedGradientView.swift */,
				0A82E319261BFCFB0024F96D /* RingView.swift */,
				0A948E772697AF9B006C8C00 /* NavTitleView.swift */,
				0A008EB826986C95009A1426 /* TabBarView.swift */,
				0A544765269A1304005A40C1 /* BoxView.swift */,
				0AB27D30269A20D600817A15 /* ControlView.swift */,
			);
			path = Views;
			sourceTree = "<group>";
		};
		0A4320DC2611FF8800BF1EF9 /* Slider */ = {
			isa = PBXGroup;
			children = (
				0A4320D22611F80400BF1EF9 /* WideSlider.swift */,
				0A4320D62611F81C00BF1EF9 /* CustomSlider.swift */,
			);
			path = Slider;
			sourceTree = "<group>";
		};
		0A4320DD2611FF9100BF1EF9 /* Stepper */ = {
			isa = PBXGroup;
			children = (
				0A4320CE2611F7D300BF1EF9 /* WideStepper.swift */,
			);
			path = Stepper;
			sourceTree = "<group>";
		};
		0A614AF02608C8330014F814 /* Extensions */ = {
			isa = PBXGroup;
			children = (
				0A614AF22608C8560014F814 /* View+CustomFont.swift */,
				0A614AFC2608C87F0014F814 /* Text.swift */,
				0A4320C62611F4D500BF1EF9 /* Color.swift */,
			);
			path = Extensions;
			sourceTree = "<group>";
		};
		0A614B062608C8B90014F814 /* Label */ = {
			isa = PBXGroup;
			children = (
				0A614AE52608C79A0014F814 /* AppTitle.swift */,
				0A4320B62611E56100BF1EF9 /* BlurredHeader.swift */,
			);
			path = Label;
			sourceTree = "<group>";
		};
		OBJ_14 /* Products */ = {
			isa = PBXGroup;
			children = (
				"RRComponentsKit::RRComponentsKit::Product" /* RRComponentsKit.framework */,
				0A0827682608DA23009FC75C /* RRComponentsKitExample.app */,
			);
			name = Products;
			sourceTree = BUILT_PRODUCTS_DIR;
		};
		OBJ_5 = {
			isa = PBXGroup;
			children = (
				OBJ_6 /* Package.swift */,
				OBJ_7 /* Sources */,
				0A0827692608DA23009FC75C /* RRComponentsKitExample */,
				OBJ_14 /* Products */,
				0A0827502608D9AA009FC75C /* Frameworks */,
			);
			sourceTree = "<group>";
		};
		OBJ_7 /* Sources */ = {
			isa = PBXGroup;
			children = (
				OBJ_8 /* RRComponentsKit */,
			);
			name = Sources;
			sourceTree = SOURCE_ROOT;
		};
		OBJ_8 /* RRComponentsKit */ = {
			isa = PBXGroup;
			children = (
				OBJ_9 /* RRComponentsKit.swift */,
				0A4320DD2611FF9100BF1EF9 /* Stepper */,
				0A4320DC2611FF8800BF1EF9 /* Slider */,
				0A614B062608C8B90014F814 /* Label */,
				0A0827872608DA96009FC75C /* Button */,
				0A08279B2608E8CA009FC75C /* Views */,
				0A0827932608E867009FC75C /* Styles */,
				0A614AF02608C8330014F814 /* Extensions */,
			);
			name = RRComponentsKit;
			path = Sources/RRComponentsKit;
			sourceTree = SOURCE_ROOT;
		};
/* End PBXGroup section */

/* Begin PBXNativeTarget section */
		0A0827672608DA23009FC75C /* RRComponentsKitExample */ = {
			isa = PBXNativeTarget;
			buildConfigurationList = 0A0827742608DA25009FC75C /* Build configuration list for PBXNativeTarget "RRComponentsKitExample" */;
			buildPhases = (
				0A0827642608DA23009FC75C /* Sources */,
				0A0827652608DA23009FC75C /* Frameworks */,
				0A0827662608DA23009FC75C /* Resources */,
				0A08277E2608DA2C009FC75C /* Embed Frameworks */,
			);
			buildRules = (
			);
			dependencies = (
				0A08277D2608DA2C009FC75C /* PBXTargetDependency */,
			);
			name = RRComponentsKitExample;
			productName = RRComponentsKitExample;
			productReference = 0A0827682608DA23009FC75C /* RRComponentsKitExample.app */;
			productType = "com.apple.product-type.application";
		};
		"RRComponentsKit::RRComponentsKit" /* RRComponentsKit */ = {
			isa = PBXNativeTarget;
			buildConfigurationList = OBJ_18 /* Build configuration list for PBXNativeTarget "RRComponentsKit" */;
			buildPhases = (
				OBJ_21 /* Sources */,
				OBJ_23 /* Frameworks */,
			);
			buildRules = (
			);
			dependencies = (
			);
			name = RRComponentsKit;
			productName = RRComponentsKit;
			productReference = "RRComponentsKit::RRComponentsKit::Product" /* RRComponentsKit.framework */;
			productType = "com.apple.product-type.framework";
		};
		"RRComponentsKit::SwiftPMPackageDescription" /* RRComponentsKitPackageDescription */ = {
			isa = PBXNativeTarget;
			buildConfigurationList = OBJ_25 /* Build configuration list for PBXNativeTarget "RRComponentsKitPackageDescription" */;
			buildPhases = (
				OBJ_28 /* Sources */,
			);
			buildRules = (
			);
			dependencies = (
			);
			name = RRComponentsKitPackageDescription;
			productName = RRComponentsKitPackageDescription;
			productType = "com.apple.product-type.framework";
		};
/* End PBXNativeTarget section */

/* Begin PBXProject section */
		OBJ_1 /* Project object */ = {
			isa = PBXProject;
			attributes = {
				LastSwiftMigration = 9999;
				LastSwiftUpdateCheck = 1240;
				LastUpgradeCheck = 9999;
				TargetAttributes = {
					0A0827672608DA23009FC75C = {
						CreatedOnToolsVersion = 12.4;
						DevelopmentTeam = YQZQG7N4WG;
						ProvisioningStyle = Automatic;
					};
				};
			};
			buildConfigurationList = OBJ_2 /* Build configuration list for PBXProject "RRComponentsKit" */;
			compatibilityVersion = "Xcode 3.2";
			developmentRegion = en;
			hasScannedForEncodings = 0;
			knownRegions = (
				en,
			);
			mainGroup = OBJ_5;
			productRefGroup = OBJ_14 /* Products */;
			projectDirPath = "";
			projectRoot = "";
			targets = (
				"RRComponentsKit::RRComponentsKit" /* RRComponentsKit */,
				"RRComponentsKit::SwiftPMPackageDescription" /* RRComponentsKitPackageDescription */,
				0A0827672608DA23009FC75C /* RRComponentsKitExample */,
			);
		};
/* End PBXProject section */

/* Begin PBXResourcesBuildPhase section */
		0A0827662608DA23009FC75C /* Resources */ = {
			isa = PBXResourcesBuildPhase;
			buildActionMask = 2147483647;
			files = (
				0A0827722608DA25009FC75C /* Preview Assets.xcassets in Resources */,
				0A08276F2608DA25009FC75C /* Assets.xcassets in Resources */,
			);
			runOnlyForDeploymentPostprocessing = 0;
		};
/* End PBXResourcesBuildPhase section */

/* Begin PBXSourcesBuildPhase section */
		0A0827642608DA23009FC75C /* Sources */ = {
			isa = PBXSourcesBuildPhase;
			buildActionMask = 2147483647;
			files = (
				0A0827802608DA37009FC75C /* ContentView.swift in Sources */,
				0A0827842608DA41009FC75C /* RRComponentsKitExampleApp.swift in Sources */,
			);
			runOnlyForDeploymentPostprocessing = 0;
		};
		OBJ_21 /* Sources */ = {
			isa = PBXSourcesBuildPhase;
			buildActionMask = 0;
			files = (
				0A4320BF2611E93600BF1EF9 /* ColoredButton.swift in Sources */,
				0A4320CB2611F56C00BF1EF9 /* StepperButton.swift in Sources */,
				OBJ_22 /* RRComponentsKit.swift in Sources */,
				0A614AE62608C79A0014F814 /* AppTitle.swift in Sources */,
				0AB27D2F269A1AAE00817A15 /* WideStepperButton.swift in Sources */,
				0A948E782697AF9B006C8C00 /* NavTitleView.swift in Sources */,
				0A4320C32611F43B00BF1EF9 /* StepperButtonStyle.swift in Sources */,
				0A08278E2608DAAB009FC75C /* GradientButton.swift in Sources */,
				0A4320C72611F4D500BF1EF9 /* Color.swift in Sources */,
				0AC1BB68261229350017CD43 /* NavigationButton.swift in Sources */,
				0A4320D32611F80400BF1EF9 /* WideSlider.swift in Sources */,
				0A0827962608E881009FC75C /* GradientButtonStyle.swift in Sources */,
				0A614AFD2608C87F0014F814 /* Text.swift in Sources */,
				0A08279D2608E8DE009FC75C /* AnimatedGradientView.swift in Sources */,
				0A82E31A261BFCFB0024F96D /* RingView.swift in Sources */,
				0A544766269A1304005A40C1 /* BoxView.swift in Sources */,
				0A4320D72611F81C00BF1EF9 /* CustomSlider.swift in Sources */,
				0A4320CF2611F7D400BF1EF9 /* WideStepper.swift in Sources */,
				0A4320BB2611E91F00BF1EF9 /* ColoredButtonStyle.swift in Sources */,
				0A614AF32608C8560014F814 /* View+CustomFont.swift in Sources */,
				0A008EB926986C95009A1426 /* TabBarView.swift in Sources */,
				0AB27D31269A20D600817A15 /* ControlView.swift in Sources */,
				0A4320B72611E56100BF1EF9 /* BlurredHeader.swift in Sources */,
			);
			runOnlyForDeploymentPostprocessing = 0;
		};
		OBJ_28 /* Sources */ = {
			isa = PBXSourcesBuildPhase;
			buildActionMask = 0;
			files = (
				OBJ_29 /* Package.swift in Sources */,
			);
			runOnlyForDeploymentPostprocessing = 0;
		};
/* End PBXSourcesBuildPhase section */

/* Begin PBXTargetDependency section */
		0A08277D2608DA2C009FC75C /* PBXTargetDependency */ = {
			isa = PBXTargetDependency;
			target = "RRComponentsKit::RRComponentsKit" /* RRComponentsKit */;
			targetProxy = 0A08277C2608DA2C009FC75C /* PBXContainerItemProxy */;
		};
/* End PBXTargetDependency section */

/* Begin XCBuildConfiguration section */
		0A0827752608DA25009FC75C /* Debug */ = {
			isa = XCBuildConfiguration;
			buildSettings = {
				ALWAYS_SEARCH_USER_PATHS = NO;
				ASSETCATALOG_COMPILER_APPICON_NAME = AppIcon;
				ASSETCATALOG_COMPILER_GLOBAL_ACCENT_COLOR_NAME = AccentColor;
				CLANG_ANALYZER_NONNULL = YES;
				CLANG_ANALYZER_NUMBER_OBJECT_CONVERSION = YES_AGGRESSIVE;
				CLANG_CXX_LANGUAGE_STANDARD = "gnu++14";
				CLANG_CXX_LIBRARY = "libc++";
				CLANG_ENABLE_MODULES = YES;
				CLANG_ENABLE_OBJC_WEAK = YES;
				CLANG_WARN_BLOCK_CAPTURE_AUTORELEASING = YES;
				CLANG_WARN_BOOL_CONVERSION = YES;
				CLANG_WARN_COMMA = YES;
				CLANG_WARN_CONSTANT_CONVERSION = YES;
				CLANG_WARN_DEPRECATED_OBJC_IMPLEMENTATIONS = YES;
				CLANG_WARN_DIRECT_OBJC_ISA_USAGE = YES_ERROR;
				CLANG_WARN_DOCUMENTATION_COMMENTS = YES;
				CLANG_WARN_EMPTY_BODY = YES;
				CLANG_WARN_ENUM_CONVERSION = YES;
				CLANG_WARN_INFINITE_RECURSION = YES;
				CLANG_WARN_INT_CONVERSION = YES;
				CLANG_WARN_NON_LITERAL_NULL_CONVERSION = YES;
				CLANG_WARN_OBJC_IMPLICIT_RETAIN_SELF = YES;
				CLANG_WARN_OBJC_LITERAL_CONVERSION = YES;
				CLANG_WARN_OBJC_ROOT_CLASS = YES_ERROR;
				CLANG_WARN_QUOTED_INCLUDE_IN_FRAMEWORK_HEADER = YES;
				CLANG_WARN_RANGE_LOOP_ANALYSIS = YES;
				CLANG_WARN_STRICT_PROTOTYPES = YES;
				CLANG_WARN_SUSPICIOUS_MOVE = YES;
				CLANG_WARN_UNGUARDED_AVAILABILITY = YES_AGGRESSIVE;
				CLANG_WARN_UNREACHABLE_CODE = YES;
				CLANG_WARN__DUPLICATE_METHOD_MATCH = YES;
				CODE_SIGN_STYLE = Automatic;
				DEVELOPMENT_ASSET_PATHS = "\"RRComponentsKitExample/Preview Content\"";
				DEVELOPMENT_TEAM = YQZQG7N4WG;
				ENABLE_PREVIEWS = YES;
				ENABLE_STRICT_OBJC_MSGSEND = YES;
				ENABLE_TESTABILITY = YES;
				GCC_C_LANGUAGE_STANDARD = gnu11;
				GCC_DYNAMIC_NO_PIC = NO;
				GCC_NO_COMMON_BLOCKS = YES;
				GCC_PREPROCESSOR_DEFINITIONS = (
					"DEBUG=1",
					"$(inherited)",
				);
				GCC_WARN_64_TO_32_BIT_CONVERSION = YES;
				GCC_WARN_ABOUT_RETURN_TYPE = YES_ERROR;
				GCC_WARN_UNDECLARED_SELECTOR = YES;
				GCC_WARN_UNINITIALIZED_AUTOS = YES_AGGRESSIVE;
				GCC_WARN_UNUSED_FUNCTION = YES;
				GCC_WARN_UNUSED_VARIABLE = YES;
				INFOPLIST_FILE = RRComponentsKitExample/Info.plist;
				IPHONEOS_DEPLOYMENT_TARGET = 14.4;
				LD_RUNPATH_SEARCH_PATHS = "$(inherited) @executable_path/Frameworks";
				MTL_ENABLE_DEBUG_INFO = INCLUDE_SOURCE;
				MTL_FAST_MATH = YES;
				PRODUCT_BUNDLE_IDENTIFIER = com.rudrankriyam.RRComponentsKitExample;
				PRODUCT_NAME = "$(TARGET_NAME)";
				SDKROOT = iphoneos;
				SWIFT_ACTIVE_COMPILATION_CONDITIONS = DEBUG;
				SWIFT_VERSION = 5.0;
				TARGETED_DEVICE_FAMILY = "1,2";
			};
			name = Debug;
		};
		0A0827762608DA25009FC75C /* Release */ = {
			isa = XCBuildConfiguration;
			buildSettings = {
				ALWAYS_SEARCH_USER_PATHS = NO;
				ASSETCATALOG_COMPILER_APPICON_NAME = AppIcon;
				ASSETCATALOG_COMPILER_GLOBAL_ACCENT_COLOR_NAME = AccentColor;
				CLANG_ANALYZER_NONNULL = YES;
				CLANG_ANALYZER_NUMBER_OBJECT_CONVERSION = YES_AGGRESSIVE;
				CLANG_CXX_LANGUAGE_STANDARD = "gnu++14";
				CLANG_CXX_LIBRARY = "libc++";
				CLANG_ENABLE_MODULES = YES;
				CLANG_ENABLE_OBJC_WEAK = YES;
				CLANG_WARN_BLOCK_CAPTURE_AUTORELEASING = YES;
				CLANG_WARN_BOOL_CONVERSION = YES;
				CLANG_WARN_COMMA = YES;
				CLANG_WARN_CONSTANT_CONVERSION = YES;
				CLANG_WARN_DEPRECATED_OBJC_IMPLEMENTATIONS = YES;
				CLANG_WARN_DIRECT_OBJC_ISA_USAGE = YES_ERROR;
				CLANG_WARN_DOCUMENTATION_COMMENTS = YES;
				CLANG_WARN_EMPTY_BODY = YES;
				CLANG_WARN_ENUM_CONVERSION = YES;
				CLANG_WARN_INFINITE_RECURSION = YES;
				CLANG_WARN_INT_CONVERSION = YES;
				CLANG_WARN_NON_LITERAL_NULL_CONVERSION = YES;
				CLANG_WARN_OBJC_IMPLICIT_RETAIN_SELF = YES;
				CLANG_WARN_OBJC_LITERAL_CONVERSION = YES;
				CLANG_WARN_OBJC_ROOT_CLASS = YES_ERROR;
				CLANG_WARN_QUOTED_INCLUDE_IN_FRAMEWORK_HEADER = YES;
				CLANG_WARN_RANGE_LOOP_ANALYSIS = YES;
				CLANG_WARN_STRICT_PROTOTYPES = YES;
				CLANG_WARN_SUSPICIOUS_MOVE = YES;
				CLANG_WARN_UNGUARDED_AVAILABILITY = YES_AGGRESSIVE;
				CLANG_WARN_UNREACHABLE_CODE = YES;
				CLANG_WARN__DUPLICATE_METHOD_MATCH = YES;
				CODE_SIGN_STYLE = Automatic;
				COPY_PHASE_STRIP = NO;
				DEVELOPMENT_ASSET_PATHS = "\"RRComponentsKitExample/Preview Content\"";
				DEVELOPMENT_TEAM = YQZQG7N4WG;
				ENABLE_NS_ASSERTIONS = NO;
				ENABLE_PREVIEWS = YES;
				ENABLE_STRICT_OBJC_MSGSEND = YES;
				GCC_C_LANGUAGE_STANDARD = gnu11;
				GCC_NO_COMMON_BLOCKS = YES;
				GCC_WARN_64_TO_32_BIT_CONVERSION = YES;
				GCC_WARN_ABOUT_RETURN_TYPE = YES_ERROR;
				GCC_WARN_UNDECLARED_SELECTOR = YES;
				GCC_WARN_UNINITIALIZED_AUTOS = YES_AGGRESSIVE;
				GCC_WARN_UNUSED_FUNCTION = YES;
				GCC_WARN_UNUSED_VARIABLE = YES;
				INFOPLIST_FILE = RRComponentsKitExample/Info.plist;
				IPHONEOS_DEPLOYMENT_TARGET = 14.4;
				LD_RUNPATH_SEARCH_PATHS = "$(inherited) @executable_path/Frameworks";
				MTL_ENABLE_DEBUG_INFO = NO;
				MTL_FAST_MATH = YES;
				PRODUCT_BUNDLE_IDENTIFIER = com.rudrankriyam.RRComponentsKitExample;
				PRODUCT_NAME = "$(TARGET_NAME)";
				SDKROOT = iphoneos;
				SWIFT_VERSION = 5.0;
				TARGETED_DEVICE_FAMILY = "1,2";
				VALIDATE_PRODUCT = YES;
			};
			name = Release;
		};
		OBJ_19 /* Debug */ = {
			isa = XCBuildConfiguration;
			buildSettings = {
				ENABLE_TESTABILITY = YES;
				FRAMEWORK_SEARCH_PATHS = (
					"$(inherited)",
					"$(PLATFORM_DIR)/Developer/Library/Frameworks",
				);
				HEADER_SEARCH_PATHS = "$(inherited)";
				INFOPLIST_FILE = RRComponentsKit.xcodeproj/RRComponentsKit_Info.plist;
				IPHONEOS_DEPLOYMENT_TARGET = 14.0;
				LD_RUNPATH_SEARCH_PATHS = "$(inherited) $(TOOLCHAIN_DIR)/usr/lib/swift/macosx";
				MACOSX_DEPLOYMENT_TARGET = 10.10;
				OTHER_CFLAGS = "$(inherited)";
				OTHER_LDFLAGS = "$(inherited)";
				OTHER_SWIFT_FLAGS = "$(inherited)";
				PRODUCT_BUNDLE_IDENTIFIER = RRComponentsKit;
				PRODUCT_MODULE_NAME = "$(TARGET_NAME:c99extidentifier)";
				PRODUCT_NAME = "$(TARGET_NAME:c99extidentifier)";
				SKIP_INSTALL = YES;
				SWIFT_ACTIVE_COMPILATION_CONDITIONS = "$(inherited)";
				SWIFT_VERSION = 5.0;
				TARGET_NAME = RRComponentsKit;
				TVOS_DEPLOYMENT_TARGET = 9.0;
				WATCHOS_DEPLOYMENT_TARGET = 2.0;
			};
			name = Debug;
		};
		OBJ_20 /* Release */ = {
			isa = XCBuildConfiguration;
			buildSettings = {
				ENABLE_TESTABILITY = YES;
				FRAMEWORK_SEARCH_PATHS = (
					"$(inherited)",
					"$(PLATFORM_DIR)/Developer/Library/Frameworks",
				);
				HEADER_SEARCH_PATHS = "$(inherited)";
				INFOPLIST_FILE = RRComponentsKit.xcodeproj/RRComponentsKit_Info.plist;
				IPHONEOS_DEPLOYMENT_TARGET = 14.0;
				LD_RUNPATH_SEARCH_PATHS = "$(inherited) $(TOOLCHAIN_DIR)/usr/lib/swift/macosx";
				MACOSX_DEPLOYMENT_TARGET = 10.10;
				OTHER_CFLAGS = "$(inherited)";
				OTHER_LDFLAGS = "$(inherited)";
				OTHER_SWIFT_FLAGS = "$(inherited)";
				PRODUCT_BUNDLE_IDENTIFIER = RRComponentsKit;
				PRODUCT_MODULE_NAME = "$(TARGET_NAME:c99extidentifier)";
				PRODUCT_NAME = "$(TARGET_NAME:c99extidentifier)";
				SKIP_INSTALL = YES;
				SWIFT_ACTIVE_COMPILATION_CONDITIONS = "$(inherited)";
				SWIFT_VERSION = 5.0;
				TARGET_NAME = RRComponentsKit;
				TVOS_DEPLOYMENT_TARGET = 9.0;
				WATCHOS_DEPLOYMENT_TARGET = 2.0;
			};
			name = Release;
		};
		OBJ_26 /* Debug */ = {
			isa = XCBuildConfiguration;
			buildSettings = {
				LD = /usr/bin/true;
				OTHER_SWIFT_FLAGS = "-swift-version 5 -I $(TOOLCHAIN_DIR)/usr/lib/swift/pm/4_2 -sdk /Applications/Xcode.app/Contents/Developer/Platforms/MacOSX.platform/Developer/SDKs/MacOSX11.1.sdk -package-description-version 5.3.0";
				SWIFT_VERSION = 5.0;
			};
			name = Debug;
		};
		OBJ_27 /* Release */ = {
			isa = XCBuildConfiguration;
			buildSettings = {
				LD = /usr/bin/true;
				OTHER_SWIFT_FLAGS = "-swift-version 5 -I $(TOOLCHAIN_DIR)/usr/lib/swift/pm/4_2 -sdk /Applications/Xcode.app/Contents/Developer/Platforms/MacOSX.platform/Developer/SDKs/MacOSX11.1.sdk -package-description-version 5.3.0";
				SWIFT_VERSION = 5.0;
			};
			name = Release;
		};
		OBJ_3 /* Debug */ = {
			isa = XCBuildConfiguration;
			buildSettings = {
				CLANG_ENABLE_OBJC_ARC = YES;
				COMBINE_HIDPI_IMAGES = YES;
				COPY_PHASE_STRIP = NO;
				DEBUG_INFORMATION_FORMAT = dwarf;
				DYLIB_INSTALL_NAME_BASE = "@rpath";
				ENABLE_NS_ASSERTIONS = YES;
				GCC_OPTIMIZATION_LEVEL = 0;
				GCC_PREPROCESSOR_DEFINITIONS = (
					"$(inherited)",
					"SWIFT_PACKAGE=1",
					"DEBUG=1",
				);
				MACOSX_DEPLOYMENT_TARGET = 10.10;
				ONLY_ACTIVE_ARCH = YES;
				OTHER_SWIFT_FLAGS = "$(inherited) -DXcode";
				PRODUCT_NAME = "$(TARGET_NAME)";
				SDKROOT = macosx;
				SUPPORTED_PLATFORMS = "macosx iphoneos iphonesimulator appletvos appletvsimulator watchos watchsimulator";
				SWIFT_ACTIVE_COMPILATION_CONDITIONS = "$(inherited) SWIFT_PACKAGE DEBUG";
				SWIFT_OPTIMIZATION_LEVEL = "-Onone";
				USE_HEADERMAP = NO;
			};
			name = Debug;
		};
		OBJ_4 /* Release */ = {
			isa = XCBuildConfiguration;
			buildSettings = {
				CLANG_ENABLE_OBJC_ARC = YES;
				COMBINE_HIDPI_IMAGES = YES;
				COPY_PHASE_STRIP = YES;
				DEBUG_INFORMATION_FORMAT = "dwarf-with-dsym";
				DYLIB_INSTALL_NAME_BASE = "@rpath";
				GCC_OPTIMIZATION_LEVEL = s;
				GCC_PREPROCESSOR_DEFINITIONS = (
					"$(inherited)",
					"SWIFT_PACKAGE=1",
				);
				MACOSX_DEPLOYMENT_TARGET = 10.10;
				OTHER_SWIFT_FLAGS = "$(inherited) -DXcode";
				PRODUCT_NAME = "$(TARGET_NAME)";
				SDKROOT = macosx;
				SUPPORTED_PLATFORMS = "macosx iphoneos iphonesimulator appletvos appletvsimulator watchos watchsimulator";
				SWIFT_ACTIVE_COMPILATION_CONDITIONS = "$(inherited) SWIFT_PACKAGE";
				SWIFT_OPTIMIZATION_LEVEL = "-Owholemodule";
				USE_HEADERMAP = NO;
			};
			name = Release;
		};
/* End XCBuildConfiguration section */

/* Begin XCConfigurationList section */
		0A0827742608DA25009FC75C /* Build configuration list for PBXNativeTarget "RRComponentsKitExample" */ = {
			isa = XCConfigurationList;
			buildConfigurations = (
				0A0827752608DA25009FC75C /* Debug */,
				0A0827762608DA25009FC75C /* Release */,
			);
			defaultConfigurationIsVisible = 0;
			defaultConfigurationName = Release;
		};
		OBJ_18 /* Build configuration list for PBXNativeTarget "RRComponentsKit" */ = {
			isa = XCConfigurationList;
			buildConfigurations = (
				OBJ_19 /* Debug */,
				OBJ_20 /* Release */,
			);
			defaultConfigurationIsVisible = 0;
			defaultConfigurationName = Release;
		};
		OBJ_2 /* Build configuration list for PBXProject "RRComponentsKit" */ = {
			isa = XCConfigurationList;
			buildConfigurations = (
				OBJ_3 /* Debug */,
				OBJ_4 /* Release */,
			);
			defaultConfigurationIsVisible = 0;
			defaultConfigurationName = Release;
		};
		OBJ_25 /* Build configuration list for PBXNativeTarget "RRComponentsKitPackageDescription" */ = {
			isa = XCConfigurationList;
			buildConfigurations = (
				OBJ_26 /* Debug */,
				OBJ_27 /* Release */,
			);
			defaultConfigurationIsVisible = 0;
			defaultConfigurationName = Release;
		};
/* End XCConfigurationList section */
	};
	rootObject = OBJ_1 /* Project object */;
}
